// !$*UTF8*$!
{
	archiveVersion = 1;
	classes = {
	};
	objectVersion = 46;
	objects = {

/* Begin PBXBuildFile section */
		FC60911A1D51A37100398E63 /* main.m in Sources */ = {isa = PBXBuildFile; fileRef = FC6091191D51A37100398E63 /* main.m */; };
		FC60911D1D51A37100398E63 /* AppDelegate.m in Sources */ = {isa = PBXBuildFile; fileRef = FC60911C1D51A37100398E63 /* AppDelegate.m */; };
		FC6091201D51A37100398E63 /* ViewController.m in Sources */ = {isa = PBXBuildFile; fileRef = FC60911F1D51A37100398E63 /* ViewController.m */; };
		FC6091231D51A37100398E63 /* Main.storyboard in Resources */ = {isa = PBXBuildFile; fileRef = FC6091211D51A37100398E63 /* Main.storyboard */; };
		FC6091251D51A37100398E63 /* Assets.xcassets in Resources */ = {isa = PBXBuildFile; fileRef = FC6091241D51A37100398E63 /* Assets.xcassets */; };
		FC6091281D51A37100398E63 /* LaunchScreen.storyboard in Resources */ = {isa = PBXBuildFile; fileRef = FC6091261D51A37100398E63 /* LaunchScreen.storyboard */; };
		FC6091321D51A39C00398E63 /* InsRefreshView.m in Sources */ = {isa = PBXBuildFile; fileRef = FC6091311D51A39C00398E63 /* InsRefreshView.m */; };
		FC6091351D51A61C00398E63 /* TableViewController.m in Sources */ = {isa = PBXBuildFile; fileRef = FC6091341D51A61C00398E63 /* TableViewController.m */; };
/* End PBXBuildFile section */

/* Begin PBXFileReference section */
		FC6091151D51A37100398E63 /* InsRefresh.app */ = {isa = PBXFileReference; explicitFileType = wrapper.application; includeInIndex = 0; path = InsRefresh.app; sourceTree = BUILT_PRODUCTS_DIR; };
		FC6091191D51A37100398E63 /* main.m */ = {isa = PBXFileReference; lastKnownFileType = sourcecode.c.objc; path = main.m; sourceTree = "<group>"; };
		FC60911B1D51A37100398E63 /* AppDelegate.h */ = {isa = PBXFileReference; lastKnownFileType = sourcecode.c.h; path = AppDelegate.h; sourceTree = "<group>"; };
		FC60911C1D51A37100398E63 /* AppDelegate.m */ = {isa = PBXFileReference; lastKnownFileType = sourcecode.c.objc; path = AppDelegate.m; sourceTree = "<group>"; };
		FC60911E1D51A37100398E63 /* ViewController.h */ = {isa = PBXFileReference; lastKnownFileType = sourcecode.c.h; path = ViewController.h; sourceTree = "<group>"; };
		FC60911F1D51A37100398E63 /* ViewController.m */ = {isa = PBXFileReference; lastKnownFileType = sourcecode.c.objc; path = ViewController.m; sourceTree = "<group>"; };
		FC6091221D51A37100398E63 /* Base */ = {isa = PBXFileReference; lastKnownFileType = file.storyboard; name = Base; path = Base.lproj/Main.storyboard; sourceTree = "<group>"; };
		FC6091241D51A37100398E63 /* Assets.xcassets */ = {isa = PBXFileReference; lastKnownFileType = folder.assetcatalog; path = Assets.xcassets; sourceTree = "<group>"; };
		FC6091271D51A37100398E63 /* Base */ = {isa = PBXFileReference; lastKnownFileType = file.storyboard; name = Base; path = Base.lproj/LaunchScreen.storyboard; sourceTree = "<group>"; };
		FC6091291D51A37100398E63 /* Info.plist */ = {isa = PBXFileReference; lastKnownFileType = text.plist.xml; path = Info.plist; sourceTree = "<group>"; };
		FC6091301D51A39C00398E63 /* InsRefreshView.h */ = {isa = PBXFileReference; fileEncoding = 4; lastKnownFileType = sourcecode.c.h; path = InsRefreshView.h; sourceTree = "<group>"; };
		FC6091311D51A39C00398E63 /* InsRefreshView.m */ = {isa = PBXFileReference; fileEncoding = 4; lastKnownFileType = sourcecode.c.objc; path = InsRefreshView.m; sourceTree = "<group>"; };
		FC6091331D51A61C00398E63 /* TableViewController.h */ = {isa = PBXFileReference; fileEncoding = 4; lastKnownFileType = sourcecode.c.h; path = TableViewController.h; sourceTree = "<group>"; };
		FC6091341D51A61C00398E63 /* TableViewController.m */ = {isa = PBXFileReference; fileEncoding = 4; lastKnownFileType = sourcecode.c.objc; path = TableViewController.m; sourceTree = "<group>"; };
/* End PBXFileReference section */

/* Begin PBXFrameworksBuildPhase section */
		FC6091121D51A37100398E63 /* Frameworks */ = {
			isa = PBXFrameworksBuildPhase;
			buildActionMask = 2147483647;
			files = (
			);
			runOnlyForDeploymentPostprocessing = 0;
		};
/* End PBXFrameworksBuildPhase section */

/* Begin PBXGroup section */
		FC60910C1D51A37100398E63 = {
			isa = PBXGroup;
			children = (
				FC6091171D51A37100398E63 /* InsRefresh */,
				FC6091161D51A37100398E63 /* Products */,
			);
			sourceTree = "<group>";
		};
		FC6091161D51A37100398E63 /* Products */ = {
			isa = PBXGroup;
			children = (
				FC6091151D51A37100398E63 /* InsRefresh.app */,
			);
			name = Products;
			sourceTree = "<group>";
		};
		FC6091171D51A37100398E63 /* InsRefresh */ = {
			isa = PBXGroup;
			children = (
				FC60912F1D51A39C00398E63 /* InsRefreshView */,
				FC60911B1D51A37100398E63 /* AppDelegate.h */,
				FC60911C1D51A37100398E63 /* AppDelegate.m */,
				FC60911E1D51A37100398E63 /* ViewController.h */,
				FC60911F1D51A37100398E63 /* ViewController.m */,
				FC6091331D51A61C00398E63 /* TableViewController.h */,
				FC6091341D51A61C00398E63 /* TableViewController.m */,
				FC6091211D51A37100398E63 /* Main.storyboard */,
				FC6091241D51A37100398E63 /* Assets.xcassets */,
				FC6091261D51A37100398E63 /* LaunchScreen.storyboard */,
				FC6091291D51A37100398E63 /* Info.plist */,
				FC6091181D51A37100398E63 /* Supporting Files */,
			);
			path = InsRefresh;
			sourceTree = "<group>";
		};
		FC6091181D51A37100398E63 /* Supporting Files */ = {
			isa = PBXGroup;
			children = (
				FC6091191D51A37100398E63 /* main.m */,
			);
			name = "Supporting Files";
			sourceTree = "<group>";
		};
		FC60912F1D51A39C00398E63 /* InsRefreshView */ = {
			isa = PBXGroup;
			children = (
				FC6091301D51A39C00398E63 /* InsRefreshView.h */,
				FC6091311D51A39C00398E63 /* InsRefreshView.m */,
			);
			path = InsRefreshView;
			sourceTree = "<group>";
		};
/* End PBXGroup section */

/* Begin PBXNativeTarget section */
		FC6091141D51A37100398E63 /* InsRefresh */ = {
			isa = PBXNativeTarget;
			buildConfigurationList = FC60912C1D51A37100398E63 /* Build configuration list for PBXNativeTarget "InsRefresh" */;
			buildPhases = (
				FC6091111D51A37100398E63 /* Sources */,
				FC6091121D51A37100398E63 /* Frameworks */,
				FC6091131D51A37100398E63 /* Resources */,
			);
			buildRules = (
			);
			dependencies = (
			);
			name = InsRefresh;
			productName = InsRefresh;
			productReference = FC6091151D51A37100398E63 /* InsRefresh.app */;
			productType = "com.apple.product-type.application";
		};
/* End PBXNativeTarget section */

/* Begin PBXProject section */
		FC60910D1D51A37100398E63 /* Project object */ = {
			isa = PBXProject;
			attributes = {
				LastUpgradeCheck = 0730;
				ORGANIZATIONNAME = Dylan;
				TargetAttributes = {
					FC6091141D51A37100398E63 = {
						CreatedOnToolsVersion = 7.3.1;
					};
				};
			};
			buildConfigurationList = FC6091101D51A37100398E63 /* Build configuration list for PBXProject "InsRefresh" */;
			compatibilityVersion = "Xcode 3.2";
			developmentRegion = English;
			hasScannedForEncodings = 0;
			knownRegions = (
				en,
				Base,
			);
			mainGroup = FC60910C1D51A37100398E63;
			productRefGroup = FC6091161D51A37100398E63 /* Products */;
			projectDirPath = "";
			projectRoot = "";
			targets = (
				FC6091141D51A37100398E63 /* InsRefresh */,
			);
		};
/* End PBXProject section */

/* Begin PBXResourcesBuildPhase section */
		FC6091131D51A37100398E63 /* Resources */ = {
			isa = PBXResourcesBuildPhase;
			buildActionMask = 2147483647;
			files = (
				FC6091281D51A37100398E63 /* LaunchScreen.storyboard in Resources */,
				FC6091251D51A37100398E63 /* Assets.xcassets in Resources */,
				FC6091231D51A37100398E63 /* Main.storyboard in Resources */,
			);
			runOnlyForDeploymentPostprocessing = 0;
		};
/* End PBXResourcesBuildPhase section */

/* Begin PBXSourcesBuildPhase section */
		FC6091111D51A37100398E63 /* Sources */ = {
			isa = PBXSourcesBuildPhase;
			buildActionMask = 2147483647;
			files = (
				FC6091201D51A37100398E63 /* ViewController.m in Sources */,
				FC60911D1D51A37100398E63 /* AppDelegate.m in Sources */,
				FC60911A1D51A37100398E63 /* main.m in Sources */,
				FC6091351D51A61C00398E63 /* TableViewController.m in Sources */,
				FC6091321D51A39C00398E63 /* InsRefreshView.m in Sources */,
			);
			runOnlyForDeploymentPostprocessing = 0;
		};
/* End PBXSourcesBuildPhase section */

/* Begin PBXVariantGroup section */
		FC6091211D51A37100398E63 /* Main.storyboard */ = {
			isa = PBXVariantGroup;
			children = (
				FC6091221D51A37100398E63 /* Base */,
			);
			name = Main.storyboard;
			sourceTree = "<group>";
		};
		FC6091261D51A37100398E63 /* LaunchScreen.storyboard */ = {
			isa = PBXVariantGroup;
			children = (
				FC6091271D51A37100398E63 /* Base */,
			);
			name = LaunchScreen.storyboard;
			sourceTree = "<group>";
		};
/* End PBXVariantGroup section */

/* Begin XCBuildConfiguration section */
		FC60912A1D51A37100398E63 /* Debug */ = {
			isa = XCBuildConfiguration;
			buildSettings = {
				ALWAYS_SEARCH_USER_PATHS = NO;
				CLANG_ANALYZER_NONNULL = YES;
				CLANG_CXX_LANGUAGE_STANDARD = "gnu++0x";
				CLANG_CXX_LIBRARY = "libc++";
				CLANG_ENABLE_MODULES = YES;
				CLANG_ENABLE_OBJC_ARC = YES;
				CLANG_WARN_BOOL_CONVERSION = YES;
				CLANG_WARN_CONSTANT_CONVERSION = YES;
				CLANG_WARN_DIRECT_OBJC_ISA_USAGE = YES_ERROR;
				CLANG_WARN_EMPTY_BODY = YES;
				CLANG_WARN_ENUM_CONVERSION = YES;
				CLANG_WARN_INT_CONVERSION = YES;
				CLANG_WARN_OBJC_ROOT_CLASS = YES_ERROR;
				CLANG_WARN_UNREACHABLE_CODE = YES;
				CLANG_WARN__DUPLICATE_METHOD_MATCH = YES;
				"CODE_SIGN_IDENTITY[sdk=iphoneos*]" = "iPhone Developer";
				COPY_PHASE_STRIP = NO;
				DEBUG_INFORMATION_FORMAT = dwarf;
				ENABLE_STRICT_OBJC_MSGSEND = YES;
				ENABLE_TESTABILITY = YES;
				GCC_C_LANGUAGE_STANDARD = gnu99;
				GCC_DYNAMIC_NO_PIC = NO;
				GCC_NO_COMMON_BLOCKS = YES;
				GCC_OPTIMIZATION_LEVEL = 0;
				GCC_PREPROCESSOR_DEFINITIONS = (
					"DEBUG=1",
					"$(inherited)",
				);
				GCC_WARN_64_TO_32_BIT_CONVERSION = YES;
				GCC_WARN_ABOUT_RETURN_TYPE = YES_ERROR;
				GCC_WARN_UNDECLARED_SELECTOR = YES;
				GCC_WARN_UNINITIALIZED_AUTOS = YES_AGGRESSIVE;
				GCC_WARN_UNUSED_FUNCTION = YES;
				GCC_WARN_UNUSED_VARIABLE = YES;
				IPHONEOS_DEPLOYMENT_TARGET = 9.3;
				MTL_ENABLE_DEBUG_INFO = YES;
				ONLY_ACTIVE_ARCH = YES;
				SDKROOT = iphoneos;
				TARGETED_DEVICE_FAMILY = "1,2";
			};
			name = Debug;
		};
		FC60912B1D51A37100398E63 /* Release */ = {
			isa = XCBuildConfiguration;
			buildSettings = {
				ALWAYS_SEARCH_USER_PATHS = NO;
				CLANG_ANALYZER_NONNULL = YES;
				CLANG_CXX_LANGUAGE_STANDARD = "gnu++0x";
				CLANG_CXX_LIBRARY = "libc++";
				CLANG_ENABLE_MODULES = YES;
				CLANG_ENABLE_OBJC_ARC = YES;
				CLANG_WARN_BOOL_CONVERSION = YES;
				CLANG_WARN_CONSTANT_CONVERSION = YES;
				CLANG_WARN_DIRECT_OBJC_ISA_USAGE = YES_ERROR;
				CLANG_WARN_EMPTY_BODY = YES;
				CLANG_WARN_ENUM_CONVERSION = YES;
				CLANG_WARN_INT_CONVERSION = YES;
				CLANG_WARN_OBJC_ROOT_CLASS = YES_ERROR;
				CLANG_WARN_UNREACHABLE_CODE = YES;
				CLANG_WARN__DUPLICATE_METHOD_MATCH = YES;
				"CODE_SIGN_IDENTITY[sdk=iphoneos*]" = "iPhone Developer";
				COPY_PHASE_STRIP = NO;
				DEBUG_INFORMATION_FORMAT = "dwarf-with-dsym";
				ENABLE_NS_ASSERTIONS = NO;
				ENABLE_STRICT_OBJC_MSGSEND = YES;
				GCC_C_LANGUAGE_STANDARD = gnu99;
				GCC_NO_COMMON_BLOCKS = YES;
				GCC_WARN_64_TO_32_BIT_CONVERSION = YES;
				GCC_WARN_ABOUT_RETURN_TYPE = YES_ERROR;
				GCC_WARN_UNDECLARED_SELECTOR = YES;
				GCC_WARN_UNINITIALIZED_AUTOS = YES_AGGRESSIVE;
				GCC_WARN_UNUSED_FUNCTION = YES;
				GCC_WARN_UNUSED_VARIABLE = YES;
				IPHONEOS_DEPLOYMENT_TARGET = 9.3;
				MTL_ENABLE_DEBUG_INFO = NO;
				SDKROOT = iphoneos;
				TARGETED_DEVICE_FAMILY = "1,2";
				VALIDATE_PRODUCT = YES;
			};
			name = Release;
		};
		FC60912D1D51A37100398E63 /* Debug */ = {
			isa = XCBuildConfiguration;
			buildSettings = {
				ASSETCATALOG_COMPILER_APPICON_NAME = AppIcon;
				INFOPLIST_FILE = InsRefresh/Info.plist;
				LD_RUNPATH_SEARCH_PATHS = "$(inherited) @executable_path/Frameworks";
				PRODUCT_BUNDLE_IDENTIFIER = Dylan.InsRefresh;
				PRODUCT_NAME = "$(TARGET_NAME)";
			};
			name = Debug;
		};
		FC60912E1D51A37100398E63 /* Release */ = {
			isa = XCBuildConfiguration;
			buildSettings = {
				ASSETCATALOG_COMPILER_APPICON_NAME = AppIcon;
				INFOPLIST_FILE = InsRefresh/Info.plist;
				LD_RUNPATH_SEARCH_PATHS = "$(inherited) @executable_path/Frameworks";
				PRODUCT_BUNDLE_IDENTIFIER = Dylan.InsRefresh;
				PRODUCT_NAME = "$(TARGET_NAME)";
			};
			name = Release;
		};
/* End XCBuildConfiguration section */

/* Begin XCConfigurationList section */
		FC6091101D51A37100398E63 /* Build configuration list for PBXProject "InsRefresh" */ = {
			isa = XCConfigurationList;
			buildConfigurations = (
				FC60912A1D51A37100398E63 /* Debug */,
				FC60912B1D51A37100398E63 /* Release */,
			);
			defaultConfigurationIsVisible = 0;
			defaultConfigurationName = Release;
		};
		FC60912C1D51A37100398E63 /* Build configuration list for PBXNativeTarget "InsRefresh" */ = {
			isa = XCConfigurationList;
			buildConfigurations = (
				FC60912D1D51A37100398E63 /* Debug */,
				FC60912E1D51A37100398E63 /* Release */,
			);
			defaultConfigurationIsVisible = 0;
		};
/* End XCConfigurationList section */
	};
	rootObject = FC60910D1D51A37100398E63 /* Project object */;
}
